
Microsoft Visual Studio Solution File, Format Version 12.00
# Visual Studio Version 17
VisualStudioVersion = 17.10.35004.147
MinimumVisualStudioVersion = 10.0.40219.1
Project("{FAE04EC0-301F-11D3-BF4B-00C04F79EFBC}") = "EsDeepPager", "EsDeepPager\EsDeepPager.csproj", "{3E311901-A669-4D83-A591-A647E515AF11}"
EndProject
Project("{FAE04EC0-301F-11D3-BF4B-00C04F79EFBC}") = "EsDeepPagerTest", "EsDeepPagerTest\EsDeepPagerTest.csproj", "{9C10B504-D4CB-48F1-8684-142045D123E3}"
EndProject
Global
	GlobalSection(SolutionConfigurationPlatforms) = preSolution
		Debug|Any CPU = Debug|Any CPU
		Release|Any CPU = Release|Any CPU
	EndGlobalSection
	GlobalSection(ProjectConfigurationPlatforms) = postSolution
		{3E311901-A669-4D83-A591-A647E515AF11}.Debug|Any CPU.ActiveCfg = Debug|Any CPU
		{3E311901-A669-4D83-A591-A647E515AF11}.Debug|Any CPU.Build.0 = Debug|Any CPU
		{3E311901-A669-4D83-A591-A647E515AF11}.Release|Any CPU.ActiveCfg = Release|Any CPU
		{3E311901-A669-4D83-A591-A647E515AF11}.Release|Any CPU.Build.0 = Release|Any CPU
		{9C10B504-D4CB-48F1-8684-142045D123E3}.Debug|Any CPU.ActiveCfg = Debug|Any CPU
		{9C10B504-D4CB-48F1-8684-142045D123E3}.Debug|Any CPU.Build.0 = Debug|Any CPU
		{9C10B504-D4CB-48F1-8684-142045D123E3}.Release|Any CPU.ActiveCfg = Release|Any CPU
		{9C10B504-D4CB-48F1-8684-142045D123E3}.Release|Any CPU.Build.0 = Release|Any CPU
	EndGlobalSection
	GlobalSection(SolutionProperties) = preSolution
		HideSolutionNode = FALSE
	EndGlobalSection
	GlobalSection(ExtensibilityGlobals) = postSolution
		SolutionGuid = {C35980DF-3730-4B6B-ACEC-7AB2124EA3B5}
	EndGlobalSection
EndGlobal
